
Microsoft Visual Studio Solution File, Format Version 12.00
# Visual Studio 15
VisualStudioVersion = 15.0.28010.0
MinimumVisualStudioVersion = 10.0.40219.1
Project("{9A19103F-16F7-4668-BE54-9A1E7A4F7556}") = "GameServer", "GameServer\GameServer.csproj", "{BF5C9AC6-C58C-4BCE-94BE-9D56C1C8E989}"
EndProject
Project("{9A19103F-16F7-4668-BE54-9A1E7A4F7556}") = "HallServer", "HallServer\HallServer.csproj", "{2B9D8D63-D9AD-4729-921E-46A08950E8AA}"
EndProject
Project("{9A19103F-16F7-4668-BE54-9A1E7A4F7556}") = "GameInterface", "GameInterface\GameInterface.csproj", "{19745769-2F31-48C4-8ABE-942FE62C890E}"
EndProject
Project("{9A19103F-16F7-4668-BE54-9A1E7A4F7556}") = "MixLibrary", "MixLibrary\MixLibrary.csproj", "{9ABDB391-D65A-4267-847C-C72F9140FEB2}"
EndProject
Project("{9A19103F-16F7-4668-BE54-9A1E7A4F7556}") = "RobotTool", "RobotTool\RobotTool.csproj", "{DE3AA8CF-C60C-4503-93C3-7E6135ABC90F}"
EndProject
Project("{FAE04EC0-301F-11D3-BF4B-00C04F79EFBC}") = "XUnitTest", "XUnitTest\XUnitTest.csproj", "{2A5A217B-5045-4849-B30C-90B57B1214E2}"
EndProject
Global
	GlobalSection(SolutionConfigurationPlatforms) = preSolution
		Debug|Any CPU = Debug|Any CPU
		Debug|x64 = Debug|x64
		Release|Any CPU = Release|Any CPU
		Release|x64 = Release|x64
	EndGlobalSection
	GlobalSection(ProjectConfigurationPlatforms) = postSolution
		{BF5C9AC6-C58C-4BCE-94BE-9D56C1C8E989}.Debug|Any CPU.ActiveCfg = Debug|Any CPU
		{BF5C9AC6-C58C-4BCE-94BE-9D56C1C8E989}.Debug|Any CPU.Build.0 = Debug|Any CPU
		{BF5C9AC6-C58C-4BCE-94BE-9D56C1C8E989}.Debug|x64.ActiveCfg = Debug|x64
		{BF5C9AC6-C58C-4BCE-94BE-9D56C1C8E989}.Debug|x64.Build.0 = Debug|x64
		{BF5C9AC6-C58C-4BCE-94BE-9D56C1C8E989}.Release|Any CPU.ActiveCfg = Release|Any CPU
		{BF5C9AC6-C58C-4BCE-94BE-9D56C1C8E989}.Release|Any CPU.Build.0 = Release|Any CPU
		{BF5C9AC6-C58C-4BCE-94BE-9D56C1C8E989}.Release|x64.ActiveCfg = Release|x64
		{BF5C9AC6-C58C-4BCE-94BE-9D56C1C8E989}.Release|x64.Build.0 = Release|x64
		{2B9D8D63-D9AD-4729-921E-46A08950E8AA}.Debug|Any CPU.ActiveCfg = Debug|Any CPU
		{2B9D8D63-D9AD-4729-921E-46A08950E8AA}.Debug|Any CPU.Build.0 = Debug|Any CPU
		{2B9D8D63-D9AD-4729-921E-46A08950E8AA}.Debug|x64.ActiveCfg = Debug|x64
		{2B9D8D63-D9AD-4729-921E-46A08950E8AA}.Debug|x64.Build.0 = Debug|x64
		{2B9D8D63-D9AD-4729-921E-46A08950E8AA}.Release|Any CPU.ActiveCfg = Release|Any CPU
		{2B9D8D63-D9AD-4729-921E-46A08950E8AA}.Release|Any CPU.Build.0 = Release|Any CPU
		{2B9D8D63-D9AD-4729-921E-46A08950E8AA}.Release|x64.ActiveCfg = Release|x64
		{2B9D8D63-D9AD-4729-921E-46A08950E8AA}.Release|x64.Build.0 = Release|x64
		{19745769-2F31-48C4-8ABE-942FE62C890E}.Debug|Any CPU.ActiveCfg = Debug|Any CPU
		{19745769-2F31-48C4-8ABE-942FE62C890E}.Debug|Any CPU.Build.0 = Debug|Any CPU
		{19745769-2F31-48C4-8ABE-942FE62C890E}.Debug|x64.ActiveCfg = Debug|x64
		{19745769-2F31-48C4-8ABE-942FE62C890E}.Debug|x64.Build.0 = Debug|x64
		{19745769-2F31-48C4-8ABE-942FE62C890E}.Release|Any CPU.ActiveCfg = Release|Any CPU
		{19745769-2F31-48C4-8ABE-942FE62C890E}.Release|Any CPU.Build.0 = Release|Any CPU
		{19745769-2F31-48C4-8ABE-942FE62C890E}.Release|x64.ActiveCfg = Release|x64
		{19745769-2F31-48C4-8ABE-942FE62C890E}.Release|x64.Build.0 = Release|x64
		{9ABDB391-D65A-4267-847C-C72F9140FEB2}.Debug|Any CPU.ActiveCfg = Debug|Any CPU
		{9ABDB391-D65A-4267-847C-C72F9140FEB2}.Debug|Any CPU.Build.0 = Debug|Any CPU
		{9ABDB391-D65A-4267-847C-C72F9140FEB2}.Debug|x64.ActiveCfg = Debug|x64
		{9ABDB391-D65A-4267-847C-C72F9140FEB2}.Debug|x64.Build.0 = Debug|x64
		{9ABDB391-D65A-4267-847C-C72F9140FEB2}.Release|Any CPU.ActiveCfg = Release|Any CPU
		{9ABDB391-D65A-4267-847C-C72F9140FEB2}.Release|Any CPU.Build.0 = Release|Any CPU
		{9ABDB391-D65A-4267-847C-C72F9140FEB2}.Release|x64.ActiveCfg = Release|x64
		{9ABDB391-D65A-4267-847C-C72F9140FEB2}.Release|x64.Build.0 = Release|x64
		{DE3AA8CF-C60C-4503-93C3-7E6135ABC90F}.Debug|Any CPU.ActiveCfg = Debug|Any CPU
		{DE3AA8CF-C60C-4503-93C3-7E6135ABC90F}.Debug|Any CPU.Build.0 = Debug|Any CPU
		{DE3AA8CF-C60C-4503-93C3-7E6135ABC90F}.Debug|x64.ActiveCfg = Debug|x64
		{DE3AA8CF-C60C-4503-93C3-7E6135ABC90F}.Debug|x64.Build.0 = Debug|x64
		{DE3AA8CF-C60C-4503-93C3-7E6135ABC90F}.Release|Any CPU.ActiveCfg = Release|Any CPU
		{DE3AA8CF-C60C-4503-93C3-7E6135ABC90F}.Release|Any CPU.Build.0 = Release|Any CPU
		{DE3AA8CF-C60C-4503-93C3-7E6135ABC90F}.Release|x64.ActiveCfg = Release|x64
		{DE3AA8CF-C60C-4503-93C3-7E6135ABC90F}.Release|x64.Build.0 = Release|x64
		{2A5A217B-5045-4849-B30C-90B57B1214E2}.Debug|Any CPU.ActiveCfg = Debug|Any CPU
		{2A5A217B-5045-4849-B30C-90B57B1214E2}.Debug|Any CPU.Build.0 = Debug|Any CPU
		{2A5A217B-5045-4849-B30C-90B57B1214E2}.Debug|x64.ActiveCfg = Debug|x64
		{2A5A217B-5045-4849-B30C-90B57B1214E2}.Debug|x64.Build.0 = Debug|x64
		{2A5A217B-5045-4849-B30C-90B57B1214E2}.Release|Any CPU.ActiveCfg = Release|Any CPU
		{2A5A217B-5045-4849-B30C-90B57B1214E2}.Release|Any CPU.Build.0 = Release|Any CPU
		{2A5A217B-5045-4849-B30C-90B57B1214E2}.Release|x64.ActiveCfg = Release|x64
		{2A5A217B-5045-4849-B30C-90B57B1214E2}.Release|x64.Build.0 = Release|x64
	EndGlobalSection
	GlobalSection(SolutionProperties) = preSolution
		HideSolutionNode = FALSE
	EndGlobalSection
	GlobalSection(ExtensibilityGlobals) = postSolution
		SolutionGuid = {3FBA68AB-EB03-42B6-9116-E07A3EDF6C89}
	EndGlobalSection
EndGlobal
